
Microsoft Visual Studio Solution File, Format Version 12.00
# Visual Studio Version 16
VisualStudioVersion = 16.0.31729.503
MinimumVisualStudioVersion = 10.0.40219.1
Project("{FAE04EC0-301F-11D3-BF4B-00C04F79EFBC}") = "MonteCaroloSimulation", "MonteCaroloSimulation\MonteCaroloSimulation.csproj", "{535B658F-FFCC-4255-8B89-304D87C5D297}"
EndProject
Global
	GlobalSection(SolutionConfigurationPlatforms) = preSolution
		Debug|Any CPU = Debug|Any CPU
		Release|Any CPU = Release|Any CPU
	EndGlobalSection
	GlobalSection(ProjectConfigurationPlatforms) = postSolution
		{535B658F-FFCC-4255-8B89-304D87C5D297}.Debug|Any CPU.ActiveCfg = Debug|Any CPU
		{535B658F-FFCC-4255-8B89-304D87C5D297}.Debug|Any CPU.Build.0 = Debug|Any CPU
		{535B658F-FFCC-4255-8B89-304D87C5D297}.Release|Any CPU.ActiveCfg = Release|Any CPU
		{535B658F-FFCC-4255-8B89-304D87C5D297}.Release|Any CPU.Build.0 = Release|Any CPU
	EndGlobalSection
	GlobalSection(SolutionProperties) = preSolution
		HideSolutionNode = FALSE
	EndGlobalSection
	GlobalSection(ExtensibilityGlobals) = postSolution
		SolutionGuid = {B16FB04D-27F7-43FD-8C0B-A2F6AE32168E}
	EndGlobalSection
EndGlobal
