
Microsoft Visual Studio Solution File, Format Version 12.00
# Visual Studio Version 16
VisualStudioVersion = 16.0.31729.503
MinimumVisualStudioVersion = 10.0.40219.1
Project("{FAE04EC0-301F-11D3-BF4B-00C04F79EFBC}") = "Array", "Array\Array.csproj", "{33C5A559-618C-4F49-A5F7-9721D1103D9C}"
EndProject
Global
	GlobalSection(SolutionConfigurationPlatforms) = preSolution
		Debug|Any CPU = Debug|Any CPU
		Release|Any CPU = Release|Any CPU
	EndGlobalSection
	GlobalSection(ProjectConfigurationPlatforms) = postSolution
		{33C5A559-618C-4F49-A5F7-9721D1103D9C}.Debug|Any CPU.ActiveCfg = Debug|Any CPU
		{33C5A559-618C-4F49-A5F7-9721D1103D9C}.Debug|Any CPU.Build.0 = Debug|Any CPU
		{33C5A559-618C-4F49-A5F7-9721D1103D9C}.Release|Any CPU.ActiveCfg = Release|Any CPU
		{33C5A559-618C-4F49-A5F7-9721D1103D9C}.Release|Any CPU.Build.0 = Release|Any CPU
	EndGlobalSection
	GlobalSection(SolutionProperties) = preSolution
		HideSolutionNode = FALSE
	EndGlobalSection
	GlobalSection(ExtensibilityGlobals) = postSolution
		SolutionGuid = {A97C44A1-52AC-4829-84E8-AF32267E99DD}
	EndGlobalSection
EndGlobal
