
Microsoft Visual Studio Solution File, Format Version 12.00
# Visual Studio Version 16
VisualStudioVersion = 16.0.31729.503
MinimumVisualStudioVersion = 10.0.40219.1
Project("{FAE04EC0-301F-11D3-BF4B-00C04F79EFBC}") = "GCDDemo", "GCDDemo\GCDDemo.csproj", "{CC3CA39B-CFC7-47AF-A67C-9B3B55382F02}"
EndProject
Global
	GlobalSection(SolutionConfigurationPlatforms) = preSolution
		Debug|Any CPU = Debug|Any CPU
		Release|Any CPU = Release|Any CPU
	EndGlobalSection
	GlobalSection(ProjectConfigurationPlatforms) = postSolution
		{CC3CA39B-CFC7-47AF-A67C-9B3B55382F02}.Debug|Any CPU.ActiveCfg = Debug|Any CPU
		{CC3CA39B-CFC7-47AF-A67C-9B3B55382F02}.Debug|Any CPU.Build.0 = Debug|Any CPU
		{CC3CA39B-CFC7-47AF-A67C-9B3B55382F02}.Release|Any CPU.ActiveCfg = Release|Any CPU
		{CC3CA39B-CFC7-47AF-A67C-9B3B55382F02}.Release|Any CPU.Build.0 = Release|Any CPU
	EndGlobalSection
	GlobalSection(SolutionProperties) = preSolution
		HideSolutionNode = FALSE
	EndGlobalSection
	GlobalSection(ExtensibilityGlobals) = postSolution
		SolutionGuid = {8059F10D-D310-4190-B9BB-89C4591AE154}
	EndGlobalSection
EndGlobal
