
Microsoft Visual Studio Solution File, Format Version 12.00
# Visual Studio Version 16
VisualStudioVersion = 16.0.31729.503
MinimumVisualStudioVersion = 10.0.40219.1
Project("{FAE04EC0-301F-11D3-BF4B-00C04F79EFBC}") = "CasherDemo", "CasherDemo\CasherDemo.csproj", "{57E471FE-1600-4A69-B666-9E3AB5F24212}"
EndProject
Global
	GlobalSection(SolutionConfigurationPlatforms) = preSolution
		Debug|Any CPU = Debug|Any CPU
		Release|Any CPU = Release|Any CPU
	EndGlobalSection
	GlobalSection(ProjectConfigurationPlatforms) = postSolution
		{57E471FE-1600-4A69-B666-9E3AB5F24212}.Debug|Any CPU.ActiveCfg = Debug|Any CPU
		{57E471FE-1600-4A69-B666-9E3AB5F24212}.Debug|Any CPU.Build.0 = Debug|Any CPU
		{57E471FE-1600-4A69-B666-9E3AB5F24212}.Release|Any CPU.ActiveCfg = Release|Any CPU
		{57E471FE-1600-4A69-B666-9E3AB5F24212}.Release|Any CPU.Build.0 = Release|Any CPU
	EndGlobalSection
	GlobalSection(SolutionProperties) = preSolution
		HideSolutionNode = FALSE
	EndGlobalSection
	GlobalSection(ExtensibilityGlobals) = postSolution
		SolutionGuid = {46378564-C362-4CDB-BB98-EE563795C236}
	EndGlobalSection
EndGlobal
