
Microsoft Visual Studio Solution File, Format Version 12.00
# Visual Studio Version 16
VisualStudioVersion = 16.0.31729.503
MinimumVisualStudioVersion = 10.0.40219.1
Project("{FAE04EC0-301F-11D3-BF4B-00C04F79EFBC}") = "GlobalLocalvariale", "GlobalLocalvariale\GlobalLocalvariale.csproj", "{BF9D0CA3-7834-429E-B5EA-AAA08D1B1D29}"
EndProject
Global
	GlobalSection(SolutionConfigurationPlatforms) = preSolution
		Debug|Any CPU = Debug|Any CPU
		Release|Any CPU = Release|Any CPU
	EndGlobalSection
	GlobalSection(ProjectConfigurationPlatforms) = postSolution
		{BF9D0CA3-7834-429E-B5EA-AAA08D1B1D29}.Debug|Any CPU.ActiveCfg = Debug|Any CPU
		{BF9D0CA3-7834-429E-B5EA-AAA08D1B1D29}.Debug|Any CPU.Build.0 = Debug|Any CPU
		{BF9D0CA3-7834-429E-B5EA-AAA08D1B1D29}.Release|Any CPU.ActiveCfg = Release|Any CPU
		{BF9D0CA3-7834-429E-B5EA-AAA08D1B1D29}.Release|Any CPU.Build.0 = Release|Any CPU
	EndGlobalSection
	GlobalSection(SolutionProperties) = preSolution
		HideSolutionNode = FALSE
	EndGlobalSection
	GlobalSection(ExtensibilityGlobals) = postSolution
		SolutionGuid = {7AD45866-9DF1-4AF1-B355-1C8570FBC003}
	EndGlobalSection
EndGlobal
