
Microsoft Visual Studio Solution File, Format Version 12.00
# Visual Studio Version 16
VisualStudioVersion = 16.0.31729.503
MinimumVisualStudioVersion = 10.0.40219.1
Project("{FAE04EC0-301F-11D3-BF4B-00C04F79EFBC}") = "ShufflingDemo", "ShufflingDemo\ShufflingDemo.csproj", "{C1D66F68-1D54-4812-A446-EDC84E7ACBAC}"
EndProject
Global
	GlobalSection(SolutionConfigurationPlatforms) = preSolution
		Debug|Any CPU = Debug|Any CPU
		Release|Any CPU = Release|Any CPU
	EndGlobalSection
	GlobalSection(ProjectConfigurationPlatforms) = postSolution
		{C1D66F68-1D54-4812-A446-EDC84E7ACBAC}.Debug|Any CPU.ActiveCfg = Debug|Any CPU
		{C1D66F68-1D54-4812-A446-EDC84E7ACBAC}.Debug|Any CPU.Build.0 = Debug|Any CPU
		{C1D66F68-1D54-4812-A446-EDC84E7ACBAC}.Release|Any CPU.ActiveCfg = Release|Any CPU
		{C1D66F68-1D54-4812-A446-EDC84E7ACBAC}.Release|Any CPU.Build.0 = Release|Any CPU
	EndGlobalSection
	GlobalSection(SolutionProperties) = preSolution
		HideSolutionNode = FALSE
	EndGlobalSection
	GlobalSection(ExtensibilityGlobals) = postSolution
		SolutionGuid = {F71D695F-813B-474C-BB0C-52F6C9917D26}
	EndGlobalSection
EndGlobal
