
Microsoft Visual Studio Solution File, Format Version 12.00
# Visual Studio Version 16
VisualStudioVersion = 16.0.31729.503
MinimumVisualStudioVersion = 10.0.40219.1
Project("{FAE04EC0-301F-11D3-BF4B-00C04F79EFBC}") = "RandomDemo", "RandomDemo\RandomDemo.csproj", "{F84860EF-F453-48A8-861C-6F62A8872DCF}"
EndProject
Global
	GlobalSection(SolutionConfigurationPlatforms) = preSolution
		Debug|Any CPU = Debug|Any CPU
		Release|Any CPU = Release|Any CPU
	EndGlobalSection
	GlobalSection(ProjectConfigurationPlatforms) = postSolution
		{F84860EF-F453-48A8-861C-6F62A8872DCF}.Debug|Any CPU.ActiveCfg = Debug|Any CPU
		{F84860EF-F453-48A8-861C-6F62A8872DCF}.Debug|Any CPU.Build.0 = Debug|Any CPU
		{F84860EF-F453-48A8-861C-6F62A8872DCF}.Release|Any CPU.ActiveCfg = Release|Any CPU
		{F84860EF-F453-48A8-861C-6F62A8872DCF}.Release|Any CPU.Build.0 = Release|Any CPU
	EndGlobalSection
	GlobalSection(SolutionProperties) = preSolution
		HideSolutionNode = FALSE
	EndGlobalSection
	GlobalSection(ExtensibilityGlobals) = postSolution
		SolutionGuid = {60520A4F-134E-4030-9AA7-62B0626F7366}
	EndGlobalSection
EndGlobal
