
Microsoft Visual Studio Solution File, Format Version 12.00
# Visual Studio Version 16
VisualStudioVersion = 16.0.31729.503
MinimumVisualStudioVersion = 10.0.40219.1
Project("{FAE04EC0-301F-11D3-BF4B-00C04F79EFBC}") = "Lecture4Exercuse-3", "Lecture4Exercuse-3\Lecture4Exercuse-3.csproj", "{975745C4-BA3F-4795-BD8A-4A92AE60190E}"
EndProject
Global
	GlobalSection(SolutionConfigurationPlatforms) = preSolution
		Debug|Any CPU = Debug|Any CPU
		Release|Any CPU = Release|Any CPU
	EndGlobalSection
	GlobalSection(ProjectConfigurationPlatforms) = postSolution
		{975745C4-BA3F-4795-BD8A-4A92AE60190E}.Debug|Any CPU.ActiveCfg = Debug|Any CPU
		{975745C4-BA3F-4795-BD8A-4A92AE60190E}.Debug|Any CPU.Build.0 = Debug|Any CPU
		{975745C4-BA3F-4795-BD8A-4A92AE60190E}.Release|Any CPU.ActiveCfg = Release|Any CPU
		{975745C4-BA3F-4795-BD8A-4A92AE60190E}.Release|Any CPU.Build.0 = Release|Any CPU
	EndGlobalSection
	GlobalSection(SolutionProperties) = preSolution
		HideSolutionNode = FALSE
	EndGlobalSection
	GlobalSection(ExtensibilityGlobals) = postSolution
		SolutionGuid = {4513764C-3A94-44AF-BCF5-23A675103283}
	EndGlobalSection
EndGlobal
